
Microsoft Visual Studio Solution File, Format Version 12.00
# Visual Studio 15
Project("{FAE04EC0-301F-11D3-BF4B-00C04F79EFBC}") = "Assembly-CSharp", "Assembly-CSharp.csproj", "{DDCA218E-1BE6-D10E-F8A7-16491C4E597D}"
EndProject
Project("{FAE04EC0-301F-11D3-BF4B-00C04F79EFBC}") = "Assembly-CSharp-Editor", "Assembly-CSharp-Editor.csproj", "{71CA575B-6EFB-52F3-22B2-F3C10D75E59D}"
EndProject
Global
	GlobalSection(SolutionConfigurationPlatforms) = preSolution
		Debug|Any CPU = Debug|Any CPU
		Release|Any CPU = Release|Any CPU
	EndGlobalSection
	GlobalSection(ProjectConfigurationPlatforms) = postSolution
		{DDCA218E-1BE6-D10E-F8A7-16491C4E597D}.Debug|Any CPU.ActiveCfg = Debug|Any CPU
		{DDCA218E-1BE6-D10E-F8A7-16491C4E597D}.Debug|Any CPU.Build.0 = Debug|Any CPU
		{DDCA218E-1BE6-D10E-F8A7-16491C4E597D}.Release|Any CPU.ActiveCfg = Release|Any CPU
		{DDCA218E-1BE6-D10E-F8A7-16491C4E597D}.Release|Any CPU.Build.0 = Release|Any CPU
		{71CA575B-6EFB-52F3-22B2-F3C10D75E59D}.Debug|Any CPU.ActiveCfg = Debug|Any CPU
		{71CA575B-6EFB-52F3-22B2-F3C10D75E59D}.Debug|Any CPU.Build.0 = Debug|Any CPU
		{71CA575B-6EFB-52F3-22B2-F3C10D75E59D}.Release|Any CPU.ActiveCfg = Release|Any CPU
		{71CA575B-6EFB-52F3-22B2-F3C10D75E59D}.Release|Any CPU.Build.0 = Release|Any CPU
	EndGlobalSection
	GlobalSection(SolutionProperties) = preSolution
		HideSolutionNode = FALSE
	EndGlobalSection
EndGlobal
